{
  "name": "support-bank",
  "version": "1.0.0",
  "lockfileVersion": 2,
  "requires": true,
  "packages": {
    "": {
      "name": "support-bank",
      "version": "1.0.0",
      "license": "ISC",
      "dependencies": {
        "@jcbuisson/readlinesync": "^1.0.2",
        "papaparse": "^5.3.2"
      }
    },
    "node_modules/@jcbuisson/readlinesync": {
      "version": "1.0.2",
      "resolved": "https://registry.npmjs.org/@jcbuisson/readlinesync/-/readlinesync-1.0.2.tgz",
      "integrity": "sha512-mxO9MSu/CJf1u1OYnp3JQWdB23nYIyapafefKfQBNrVC06aPVXcYrLZb1BDzMc5Xk96SFtBKGbEaAyOWuXuPQQ==",
      "engines": {
        "node": ">=10.0.0"
      }
    },
    "node_modules/papaparse": {
      "version": "5.3.2",
      "resolved": "https://registry.npmjs.org/papaparse/-/papaparse-5.3.2.tgz",
      "integrity": "sha512-6dNZu0Ki+gyV0eBsFKJhYr+MdQYAzFUGlBMNj3GNrmHxmz1lfRa24CjFObPXtjcetlOv5Ad299MhIK0znp3afw=="
    }
  },
  "dependencies": {
    "@jcbuisson/readlinesync": {
      "version": "1.0.2",
      "resolved": "https://registry.npmjs.org/@jcbuisson/readlinesync/-/readlinesync-1.0.2.tgz",
      "integrity": "sha512-mxO9MSu/CJf1u1OYnp3JQWdB23nYIyapafefKfQBNrVC06aPVXcYrLZb1BDzMc5Xk96SFtBKGbEaAyOWuXuPQQ=="
    },
    "papaparse": {
      "version": "5.3.2",
      "resolved": "https://registry.npmjs.org/papaparse/-/papaparse-5.3.2.tgz",
      "integrity": "sha512-6dNZu0Ki+gyV0eBsFKJhYr+MdQYAzFUGlBMNj3GNrmHxmz1lfRa24CjFObPXtjcetlOv5Ad299MhIK0znp3afw=="
    }
  }
}
